{
  "lockfileVersion": 1,
  "configVersion": 1,
  "workspaces": {
    "": {
      "dependencies": {
        "clsx": "^2.1.1",
        "motion": "^12.34.5",
        "tailwind-merge": "^3.5.0",
      },
    },
  },
  "packages": {
    "clsx": ["clsx@2.1.1", "", {}, "sha512-eYm0QWBtUrBWZWG0d386OGAw16Z995PiOVo2B7bjWSbHedGl5e0ZWaq65kOGgUSNesEIDkB9ISbTg/JK9dhCZA=="],

    "framer-motion": ["framer-motion@12.34.5", "", { "dependencies": { "motion-dom": "^12.34.5", "motion-utils": "^12.29.2", "tslib": "^2.4.0" }, "peerDependencies": { "@emotion/is-prop-valid": "*", "react": "^18.0.0 || ^19.0.0", "react-dom": "^18.0.0 || ^19.0.0" }, "optionalPeers": ["@emotion/is-prop-valid", "react", "react-dom"] }, "sha512-Z2dQ+o7BsfpJI3+u0SQUNCrN+ajCKJen1blC4rCHx1Ta2EOHs+xKJegLT2aaD9iSMbU3OoX+WabQXkloUbZmJQ=="],

    "motion": ["motion@12.34.5", "", { "dependencies": { "framer-motion": "^12.34.5", "tslib": "^2.4.0" }, "peerDependencies": { "@emotion/is-prop-valid": "*", "react": "^18.0.0 || ^19.0.0", "react-dom": "^18.0.0 || ^19.0.0" }, "optionalPeers": ["@emotion/is-prop-valid", "react", "react-dom"] }, "sha512-N06NLJ9IeBHeielRqIvYvjPfXuRdyTxa+9++BgpGa+hY2D7TcMkI6QzV3jaRuv0aZRXgMa7cPy9YcBUBisPzAQ=="],

    "motion-dom": ["motion-dom@12.34.5", "", { "dependencies": { "motion-utils": "^12.29.2" } }, "sha512-k33CsnxO2K3gBRMUZT+vPmc4Utlb5menKdG0RyVNLtlqRaaJPRWlE9fXl8NTtfZ5z3G8TDvqSu0MENLqSTaHZA=="],

    "motion-utils": ["motion-utils@12.29.2", "", {}, "sha512-G3kc34H2cX2gI63RqU+cZq+zWRRPSsNIOjpdl9TN4AQwC4sgwYPl/Q/Obf/d53nOm569T0fYK+tcoSV50BWx8A=="],

    "tailwind-merge": ["tailwind-merge@3.5.0", "", {}, "sha512-I8K9wewnVDkL1NTGoqWmVEIlUcB9gFriAEkXkfCjX5ib8ezGxtR3xD7iZIxrfArjEsH7F1CHD4RFUtxefdqV/A=="],

    "tslib": ["tslib@2.8.1", "", {}, "sha512-oJFu94HQb+KVduSUQL7wnpmqnfmLsOA/nAh6b6EH0wCEoK0/mPeXU6c3wKDV83MkOuHPRHtSXKKU99IBazS/2w=="],
  }
}
